
Microsoft Visual Studio Solution File, Format Version 12.00
# Visual Studio Version 17
VisualStudioVersion = 17.2.32616.157
MinimumVisualStudioVersion = 10.0.40219.1
Project("{FAE04EC0-301F-11D3-BF4B-00C04F79EFBC}") = "ProyectoFacturacion", "ProyectoFacturacion\ProyectoFacturacion.csproj", "{166125F3-12AE-4866-942A-CC9D49AB96CA}"
EndProject
Global
	GlobalSection(SolutionConfigurationPlatforms) = preSolution
		Debug|Any CPU = Debug|Any CPU
		Release|Any CPU = Release|Any CPU
	EndGlobalSection
	GlobalSection(ProjectConfigurationPlatforms) = postSolution
		{166125F3-12AE-4866-942A-CC9D49AB96CA}.Debug|Any CPU.ActiveCfg = Debug|Any CPU
		{166125F3-12AE-4866-942A-CC9D49AB96CA}.Debug|Any CPU.Build.0 = Debug|Any CPU
		{166125F3-12AE-4866-942A-CC9D49AB96CA}.Release|Any CPU.ActiveCfg = Release|Any CPU
		{166125F3-12AE-4866-942A-CC9D49AB96CA}.Release|Any CPU.Build.0 = Release|Any CPU
	EndGlobalSection
	GlobalSection(SolutionProperties) = preSolution
		HideSolutionNode = FALSE
	EndGlobalSection
	GlobalSection(ExtensibilityGlobals) = postSolution
		SolutionGuid = {8185B49F-C5EE-45CB-B4E5-6215F9A5B2BC}
	EndGlobalSection
EndGlobal
